
Microsoft Visual Studio Solution File, Format Version 12.00
# Visual Studio Version 17
VisualStudioVersion = 17.13.35931.197 d17.13
MinimumVisualStudioVersion = 10.0.40219.1
Project("{FAE04EC0-301F-11D3-BF4B-00C04F79EFBC}") = "SharpStat.Descriptive", "SharpStat.Descriptive\SharpStat.Descriptive.csproj", "{9762E47D-EE45-42E3-85CB-79F07128D253}"
EndProject
Project("{FAE04EC0-301F-11D3-BF4B-00C04F79EFBC}") = "SharpStat.Descriptive.Tests", "SharpStat.Descriptive.Tests\SharpStat.Descriptive.Tests.csproj", "{694E2C55-CBEE-4C79-A81B-1C77C9E12161}"
EndProject
Global
	GlobalSection(SolutionConfigurationPlatforms) = preSolution
		Debug|Any CPU = Debug|Any CPU
		Release|Any CPU = Release|Any CPU
	EndGlobalSection
	GlobalSection(ProjectConfigurationPlatforms) = postSolution
		{9762E47D-EE45-42E3-85CB-79F07128D253}.Debug|Any CPU.ActiveCfg = Debug|Any CPU
		{9762E47D-EE45-42E3-85CB-79F07128D253}.Debug|Any CPU.Build.0 = Debug|Any CPU
		{9762E47D-EE45-42E3-85CB-79F07128D253}.Release|Any CPU.ActiveCfg = Release|Any CPU
		{9762E47D-EE45-42E3-85CB-79F07128D253}.Release|Any CPU.Build.0 = Release|Any CPU
		{694E2C55-CBEE-4C79-A81B-1C77C9E12161}.Debug|Any CPU.ActiveCfg = Debug|Any CPU
		{694E2C55-CBEE-4C79-A81B-1C77C9E12161}.Debug|Any CPU.Build.0 = Debug|Any CPU
		{694E2C55-CBEE-4C79-A81B-1C77C9E12161}.Release|Any CPU.ActiveCfg = Release|Any CPU
		{694E2C55-CBEE-4C79-A81B-1C77C9E12161}.Release|Any CPU.Build.0 = Release|Any CPU
	EndGlobalSection
	GlobalSection(SolutionProperties) = preSolution
		HideSolutionNode = FALSE
	EndGlobalSection
	GlobalSection(ExtensibilityGlobals) = postSolution
		SolutionGuid = {C8C77317-5761-44BB-9BB8-DEA4AED3E72B}
	EndGlobalSection
EndGlobal
